<?xml version="1.0" encoding="utf-8"?>
<Project ToolsVersion="4.0" xmlns="http://schemas.microsoft.com/developer/msbuild/2003">
  <ItemGroup>
    <ClCompile Include="Source.cpp" />
    <ClCompile Include="Core.cpp" />
    <ClCompile Include="Planet.cpp" />
    <ClCompile Include="ECS.cpp" />
    <ClCompile Include="Sprite.cpp" />
    <ClCompile Include="PlanetRotation.cpp" />
    <ClCompile Include="Scene.cpp" />
    <ClCompile Include="GalaxyManager.cpp" />
    <ClCompile Include="Label.cpp" />
    <ClCompile Include="GameStack.cpp" />
    <ClCompile Include="LogoGameStackItem.cpp" />
    <ClCompile Include="PlayGameStackItem.cpp" />
    <ClCompile Include="SystemManager.cpp" />
  </ItemGroup>
  <ItemGroup>
    <ClInclude Include="Core.h" />
    <ClInclude Include="Planet.h" />
    <ClInclude Include="Vertex.h" />
    <ClInclude Include="Race.h" />
    <ClInclude Include="ECS.h" />
    <ClInclude Include="Sprite.h" />
    <ClInclude Include="Transform.h" />
    <ClInclude Include="PlanetRotation.h" />
    <ClInclude Include="Scene.h" />
    <ClInclude Include="GalaxyManager.h" />
    <ClInclude Include="Label.h" />
    <ClInclude Include="GameStack.h" />
    <ClInclude Include="LogoGameStackItem.h" />
    <ClInclude Include="PlayGameStackItem.h" />
    <ClInclude Include="PLanetDesc.h" />
    <ClInclude Include="SystemManager.h" />
  </ItemGroup>
  <ItemGroup>
    <Text Include="galaxies.txt" />
  </ItemGroup>
</Project>